
Microsoft Visual Studio Solution File, Format Version 12.00
# Visual Studio Version 16
VisualStudioVersion = 16.0.33927.289
MinimumVisualStudioVersion = 10.0.40219.1
Project("{FAE04EC0-301F-11D3-BF4B-00C04F79EFBC}") = "Ugani_Restaurant", "Ugani_Restaurant\Ugani_Restaurant.csproj", "{91BCF8D5-D5DB-4EE0-A863-FCEFE4007CEB}"
EndProject
Global
	GlobalSection(SolutionConfigurationPlatforms) = preSolution
		Debug|Any CPU = Debug|Any CPU
		Release|Any CPU = Release|Any CPU
	EndGlobalSection
	GlobalSection(ProjectConfigurationPlatforms) = postSolution
		{91BCF8D5-D5DB-4EE0-A863-FCEFE4007CEB}.Debug|Any CPU.ActiveCfg = Debug|Any CPU
		{91BCF8D5-D5DB-4EE0-A863-FCEFE4007CEB}.Debug|Any CPU.Build.0 = Debug|Any CPU
		{91BCF8D5-D5DB-4EE0-A863-FCEFE4007CEB}.Release|Any CPU.ActiveCfg = Release|Any CPU
		{91BCF8D5-D5DB-4EE0-A863-FCEFE4007CEB}.Release|Any CPU.Build.0 = Release|Any CPU
	EndGlobalSection
	GlobalSection(SolutionProperties) = preSolution
		HideSolutionNode = FALSE
	EndGlobalSection
	GlobalSection(ExtensibilityGlobals) = postSolution
		SolutionGuid = {F30E4BA3-C2FF-4635-AE50-92F63760EC9D}
	EndGlobalSection
EndGlobal
